
Microsoft Visual Studio Solution File, Format Version 12.00
# Visual Studio Version 17
VisualStudioVersion = 17.9.34701.34
MinimumVisualStudioVersion = 10.0.40219.1
Project("{FAE04EC0-301F-11D3-BF4B-00C04F79EFBC}") = "CIM", "CIM\CIM.csproj", "{816ED538-DCF2-4AAB-A1BA-9F5C5C34633B}"
EndProject
Global
	GlobalSection(SolutionConfigurationPlatforms) = preSolution
		Debug|Any CPU = Debug|Any CPU
		Release|Any CPU = Release|Any CPU
	EndGlobalSection
	GlobalSection(ProjectConfigurationPlatforms) = postSolution
		{816ED538-DCF2-4AAB-A1BA-9F5C5C34633B}.Debug|Any CPU.ActiveCfg = Debug|Any CPU
		{816ED538-DCF2-4AAB-A1BA-9F5C5C34633B}.Debug|Any CPU.Build.0 = Debug|Any CPU
		{816ED538-DCF2-4AAB-A1BA-9F5C5C34633B}.Release|Any CPU.ActiveCfg = Release|Any CPU
		{816ED538-DCF2-4AAB-A1BA-9F5C5C34633B}.Release|Any CPU.Build.0 = Release|Any CPU
	EndGlobalSection
	GlobalSection(SolutionProperties) = preSolution
		HideSolutionNode = FALSE
	EndGlobalSection
	GlobalSection(ExtensibilityGlobals) = postSolution
		SolutionGuid = {211DAB37-8203-4461-8DD7-7C8A4E0F65C0}
	EndGlobalSection
EndGlobal
